
Microsoft Visual Studio Solution File, Format Version 12.00
# Visual Studio Version 17
VisualStudioVersion = 17.4.33103.184
MinimumVisualStudioVersion = 10.0.40219.1
Project("{9A19103F-16F7-4668-BE54-9A1E7A4F7556}") = "HorusV2.API", "HorusV2.API\HorusV2.API.csproj", "{90CB39BF-B370-44B4-B57D-212BEF4C5E0A}"
	ProjectSection(ProjectDependencies) = postProject
		{1205D83D-48B7-4D3D-AF2F-42D56622442C} = {1205D83D-48B7-4D3D-AF2F-42D56622442C}
	EndProjectSection
EndProject
Project("{9A19103F-16F7-4668-BE54-9A1E7A4F7556}") = "HorusV2.Application", "HorusV2.Application\HorusV2.Application.csproj", "{FC758B87-1BD0-4534-B1DB-2F9726A88F8A}"
EndProject
Project("{9A19103F-16F7-4668-BE54-9A1E7A4F7556}") = "HorusV2.Infrastructure", "HorusV2.Infrastructure\HorusV2.Infrastructure.csproj", "{57E35F0E-D47B-4AC9-9D8B-3A1E380575B9}"
EndProject
Project("{9A19103F-16F7-4668-BE54-9A1E7A4F7556}") = "HorusV2.Domain", "HorusV2.Domain\HorusV2.Domain.csproj", "{DF60C055-F814-4AB6-B139-27B134510564}"
EndProject
Project("{9A19103F-16F7-4668-BE54-9A1E7A4F7556}") = "HorusV2.Core", "HorusV2.Core\HorusV2.Core.csproj", "{2C636418-EAB3-465B-8C89-6F48FFBDF095}"
EndProject
Project("{9A19103F-16F7-4668-BE54-9A1E7A4F7556}") = "HorusV2.HorusIntegration", "HorusV2.HorusIntegration\HorusV2.HorusIntegration.csproj", "{1205D83D-48B7-4D3D-AF2F-42D56622442C}"
EndProject
Project("{9A19103F-16F7-4668-BE54-9A1E7A4F7556}") = "HorusV2.ServerlessFunctions", "HorusV2.ServerlessFunctions\HorusV2.ServerlessFunctions.csproj", "{55E79888-84F6-4622-BCF5-2A4367189C47}"
EndProject
Global
	GlobalSection(SolutionConfigurationPlatforms) = preSolution
		Debug|Any CPU = Debug|Any CPU
		Release|Any CPU = Release|Any CPU
	EndGlobalSection
	GlobalSection(ProjectConfigurationPlatforms) = postSolution
		{90CB39BF-B370-44B4-B57D-212BEF4C5E0A}.Debug|Any CPU.ActiveCfg = Debug|Any CPU
		{90CB39BF-B370-44B4-B57D-212BEF4C5E0A}.Debug|Any CPU.Build.0 = Debug|Any CPU
		{90CB39BF-B370-44B4-B57D-212BEF4C5E0A}.Release|Any CPU.ActiveCfg = Release|Any CPU
		{90CB39BF-B370-44B4-B57D-212BEF4C5E0A}.Release|Any CPU.Build.0 = Release|Any CPU
		{FC758B87-1BD0-4534-B1DB-2F9726A88F8A}.Debug|Any CPU.ActiveCfg = Debug|Any CPU
		{FC758B87-1BD0-4534-B1DB-2F9726A88F8A}.Debug|Any CPU.Build.0 = Debug|Any CPU
		{FC758B87-1BD0-4534-B1DB-2F9726A88F8A}.Release|Any CPU.ActiveCfg = Release|Any CPU
		{FC758B87-1BD0-4534-B1DB-2F9726A88F8A}.Release|Any CPU.Build.0 = Release|Any CPU
		{57E35F0E-D47B-4AC9-9D8B-3A1E380575B9}.Debug|Any CPU.ActiveCfg = Debug|Any CPU
		{57E35F0E-D47B-4AC9-9D8B-3A1E380575B9}.Debug|Any CPU.Build.0 = Debug|Any CPU
		{57E35F0E-D47B-4AC9-9D8B-3A1E380575B9}.Release|Any CPU.ActiveCfg = Release|Any CPU
		{57E35F0E-D47B-4AC9-9D8B-3A1E380575B9}.Release|Any CPU.Build.0 = Release|Any CPU
		{DF60C055-F814-4AB6-B139-27B134510564}.Debug|Any CPU.ActiveCfg = Debug|Any CPU
		{DF60C055-F814-4AB6-B139-27B134510564}.Debug|Any CPU.Build.0 = Debug|Any CPU
		{DF60C055-F814-4AB6-B139-27B134510564}.Release|Any CPU.ActiveCfg = Release|Any CPU
		{DF60C055-F814-4AB6-B139-27B134510564}.Release|Any CPU.Build.0 = Release|Any CPU
		{2C636418-EAB3-465B-8C89-6F48FFBDF095}.Debug|Any CPU.ActiveCfg = Debug|Any CPU
		{2C636418-EAB3-465B-8C89-6F48FFBDF095}.Debug|Any CPU.Build.0 = Debug|Any CPU
		{2C636418-EAB3-465B-8C89-6F48FFBDF095}.Release|Any CPU.ActiveCfg = Release|Any CPU
		{2C636418-EAB3-465B-8C89-6F48FFBDF095}.Release|Any CPU.Build.0 = Release|Any CPU
		{1205D83D-48B7-4D3D-AF2F-42D56622442C}.Debug|Any CPU.ActiveCfg = Debug|Any CPU
		{1205D83D-48B7-4D3D-AF2F-42D56622442C}.Debug|Any CPU.Build.0 = Debug|Any CPU
		{1205D83D-48B7-4D3D-AF2F-42D56622442C}.Release|Any CPU.ActiveCfg = Release|Any CPU
		{1205D83D-48B7-4D3D-AF2F-42D56622442C}.Release|Any CPU.Build.0 = Release|Any CPU
		{55E79888-84F6-4622-BCF5-2A4367189C47}.Debug|Any CPU.ActiveCfg = Debug|Any CPU
		{55E79888-84F6-4622-BCF5-2A4367189C47}.Debug|Any CPU.Build.0 = Debug|Any CPU
		{55E79888-84F6-4622-BCF5-2A4367189C47}.Release|Any CPU.ActiveCfg = Release|Any CPU
		{55E79888-84F6-4622-BCF5-2A4367189C47}.Release|Any CPU.Build.0 = Release|Any CPU
	EndGlobalSection
	GlobalSection(SolutionProperties) = preSolution
		HideSolutionNode = FALSE
	EndGlobalSection
	GlobalSection(ExtensibilityGlobals) = postSolution
		SolutionGuid = {69331660-5766-427A-BC62-7EB4E304975F}
	EndGlobalSection
EndGlobal
